
Microsoft Visual Studio Solution File, Format Version 12.00
# Visual Studio Version 17
VisualStudioVersion = 17.4.33213.308
MinimumVisualStudioVersion = 10.0.40219.1
Project("{FAE04EC0-301F-11D3-BF4B-00C04F79EFBC}") = "WhosThatPokemonAPI", "WhosThatPokemonAPI\WhosThatPokemonAPI.csproj", "{61A63D96-54C1-4196-9F95-50D6674051C0}"
EndProject
Global
	GlobalSection(SolutionConfigurationPlatforms) = preSolution
		Debug|Any CPU = Debug|Any CPU
		Release|Any CPU = Release|Any CPU
	EndGlobalSection
	GlobalSection(ProjectConfigurationPlatforms) = postSolution
		{61A63D96-54C1-4196-9F95-50D6674051C0}.Debug|Any CPU.ActiveCfg = Debug|Any CPU
		{61A63D96-54C1-4196-9F95-50D6674051C0}.Debug|Any CPU.Build.0 = Debug|Any CPU
		{61A63D96-54C1-4196-9F95-50D6674051C0}.Release|Any CPU.ActiveCfg = Release|Any CPU
		{61A63D96-54C1-4196-9F95-50D6674051C0}.Release|Any CPU.Build.0 = Release|Any CPU
	EndGlobalSection
	GlobalSection(SolutionProperties) = preSolution
		HideSolutionNode = FALSE
	EndGlobalSection
	GlobalSection(ExtensibilityGlobals) = postSolution
		SolutionGuid = {09985AE3-F28E-4F8B-B195-E0D516CE31A8}
	EndGlobalSection
EndGlobal
